
Microsoft Visual Studio Solution File, Format Version 12.00
# Visual Studio Version 17
VisualStudioVersion = 17.9.34728.123
MinimumVisualStudioVersion = 10.0.40219.1
Project("{9A19103F-16F7-4668-BE54-9A1E7A4F7556}") = "DemoModels", "DemoModels\DemoModels.csproj", "{E3AB7A78-C664-4E91-8F2F-11A790E82C14}"
EndProject
Project("{FAE04EC0-301F-11D3-BF4B-00C04F79EFBC}") = "DemoControlerAPI", "DemoControlerAPI\DemoControlerAPI.csproj", "{ED8444CA-8FBC-47E3-BFFF-B721E1A348BB}"
EndProject
Global
	GlobalSection(SolutionConfigurationPlatforms) = preSolution
		Debug|Any CPU = Debug|Any CPU
		Release|Any CPU = Release|Any CPU
	EndGlobalSection
	GlobalSection(ProjectConfigurationPlatforms) = postSolution
		{E3AB7A78-C664-4E91-8F2F-11A790E82C14}.Debug|Any CPU.ActiveCfg = Debug|Any CPU
		{E3AB7A78-C664-4E91-8F2F-11A790E82C14}.Debug|Any CPU.Build.0 = Debug|Any CPU
		{E3AB7A78-C664-4E91-8F2F-11A790E82C14}.Release|Any CPU.ActiveCfg = Release|Any CPU
		{E3AB7A78-C664-4E91-8F2F-11A790E82C14}.Release|Any CPU.Build.0 = Release|Any CPU
		{ED8444CA-8FBC-47E3-BFFF-B721E1A348BB}.Debug|Any CPU.ActiveCfg = Debug|Any CPU
		{ED8444CA-8FBC-47E3-BFFF-B721E1A348BB}.Debug|Any CPU.Build.0 = Debug|Any CPU
		{ED8444CA-8FBC-47E3-BFFF-B721E1A348BB}.Release|Any CPU.ActiveCfg = Release|Any CPU
		{ED8444CA-8FBC-47E3-BFFF-B721E1A348BB}.Release|Any CPU.Build.0 = Release|Any CPU
	EndGlobalSection
	GlobalSection(SolutionProperties) = preSolution
		HideSolutionNode = FALSE
	EndGlobalSection
	GlobalSection(ExtensibilityGlobals) = postSolution
		SolutionGuid = {FB0CCB0C-1378-4407-9CDB-594A8D6473C5}
	EndGlobalSection
EndGlobal
